
Microsoft Visual Studio Solution File, Format Version 12.00
# Visual Studio Version 17
VisualStudioVersion = 17.0.32002.185
MinimumVisualStudioVersion = 10.0.40219.1
Project("{FAE04EC0-301F-11D3-BF4B-00C04F79EFBC}") = "UnitTestProject", "UnitTestProject\UnitTestProject.csproj", "{D66B79E5-BA1D-4E4F-922D-1CFBAB5A04D4}"
EndProject
Project("{FAE04EC0-301F-11D3-BF4B-00C04F79EFBC}") = "MyClassLibraryUnitTestProject", "..\MyClassLibraryUnitTestProject\MyClassLibraryUnitTestProject.csproj", "{2433E750-5D3F-4990-9CD1-7EEC9AAC6104}"
EndProject
Global
	GlobalSection(SolutionConfigurationPlatforms) = preSolution
		Debug|Any CPU = Debug|Any CPU
		Release|Any CPU = Release|Any CPU
	EndGlobalSection
	GlobalSection(ProjectConfigurationPlatforms) = postSolution
		{D66B79E5-BA1D-4E4F-922D-1CFBAB5A04D4}.Debug|Any CPU.ActiveCfg = Debug|Any CPU
		{D66B79E5-BA1D-4E4F-922D-1CFBAB5A04D4}.Debug|Any CPU.Build.0 = Debug|Any CPU
		{D66B79E5-BA1D-4E4F-922D-1CFBAB5A04D4}.Release|Any CPU.ActiveCfg = Release|Any CPU
		{D66B79E5-BA1D-4E4F-922D-1CFBAB5A04D4}.Release|Any CPU.Build.0 = Release|Any CPU
		{2433E750-5D3F-4990-9CD1-7EEC9AAC6104}.Debug|Any CPU.ActiveCfg = Debug|Any CPU
		{2433E750-5D3F-4990-9CD1-7EEC9AAC6104}.Debug|Any CPU.Build.0 = Debug|Any CPU
		{2433E750-5D3F-4990-9CD1-7EEC9AAC6104}.Release|Any CPU.ActiveCfg = Release|Any CPU
		{2433E750-5D3F-4990-9CD1-7EEC9AAC6104}.Release|Any CPU.Build.0 = Release|Any CPU
	EndGlobalSection
	GlobalSection(SolutionProperties) = preSolution
		HideSolutionNode = FALSE
	EndGlobalSection
	GlobalSection(ExtensibilityGlobals) = postSolution
		SolutionGuid = {7F77EB46-0BD4-4B36-A8F2-FDFD7CB5F748}
	EndGlobalSection
EndGlobal
